
Microsoft Visual Studio Solution File, Format Version 12.00
# Visual Studio Version 17
VisualStudioVersion = 17.11.35312.102
MinimumVisualStudioVersion = 10.0.40219.1
Project("{FAE04EC0-301F-11D3-BF4B-00C04F79EFBC}") = "Sorriso_em_Jogo", "Sorriso_em_Jogo\Sorriso_em_Jogo.csproj", "{B0D30ACA-B0CF-47E8-9485-E3FCF890CC9A}"
EndProject
Global
	GlobalSection(SolutionConfigurationPlatforms) = preSolution
		Debug|Any CPU = Debug|Any CPU
		Release|Any CPU = Release|Any CPU
	EndGlobalSection
	GlobalSection(ProjectConfigurationPlatforms) = postSolution
		{B0D30ACA-B0CF-47E8-9485-E3FCF890CC9A}.Debug|Any CPU.ActiveCfg = Debug|Any CPU
		{B0D30ACA-B0CF-47E8-9485-E3FCF890CC9A}.Debug|Any CPU.Build.0 = Debug|Any CPU
		{B0D30ACA-B0CF-47E8-9485-E3FCF890CC9A}.Release|Any CPU.ActiveCfg = Release|Any CPU
		{B0D30ACA-B0CF-47E8-9485-E3FCF890CC9A}.Release|Any CPU.Build.0 = Release|Any CPU
	EndGlobalSection
	GlobalSection(SolutionProperties) = preSolution
		HideSolutionNode = FALSE
	EndGlobalSection
	GlobalSection(ExtensibilityGlobals) = postSolution
		SolutionGuid = {3027D163-401F-43D2-B944-38A108D62103}
	EndGlobalSection
EndGlobal
